
Microsoft Visual Studio Solution File, Format Version 12.00
# Visual Studio Version 17
VisualStudioVersion = 17.2.32505.173
MinimumVisualStudioVersion = 10.0.40219.1
Project("{FAE04EC0-301F-11D3-BF4B-00C04F79EFBC}") = "Sred4ur", "Sred4ur\Sred4ur.csproj", "{407102F0-9328-4FAE-A6AE-DB96708D5ED1}"
EndProject
Global
	GlobalSection(SolutionConfigurationPlatforms) = preSolution
		Debug|Any CPU = Debug|Any CPU
		Release|Any CPU = Release|Any CPU
	EndGlobalSection
	GlobalSection(ProjectConfigurationPlatforms) = postSolution
		{407102F0-9328-4FAE-A6AE-DB96708D5ED1}.Debug|Any CPU.ActiveCfg = Debug|Any CPU
		{407102F0-9328-4FAE-A6AE-DB96708D5ED1}.Debug|Any CPU.Build.0 = Debug|Any CPU
		{407102F0-9328-4FAE-A6AE-DB96708D5ED1}.Release|Any CPU.ActiveCfg = Release|Any CPU
		{407102F0-9328-4FAE-A6AE-DB96708D5ED1}.Release|Any CPU.Build.0 = Release|Any CPU
	EndGlobalSection
	GlobalSection(SolutionProperties) = preSolution
		HideSolutionNode = FALSE
	EndGlobalSection
	GlobalSection(ExtensibilityGlobals) = postSolution
		SolutionGuid = {8A10FF8F-B985-4C30-A6DB-23824DAB3E30}
	EndGlobalSection
EndGlobal
